
Microsoft Visual Studio Solution File, Format Version 12.00
# Visual Studio Version 16
VisualStudioVersion = 16.0.30717.126
MinimumVisualStudioVersion = 10.0.40219.1
Project("{9A19103F-16F7-4668-BE54-9A1E7A4F7556}") = "Olimpia.Stadium.Api", "Olimpia.Stadium.Api\Olimpia.Stadium.Api.csproj", "{87947FDA-35B9-42E1-91B3-E011FA1FDE92}"
EndProject
Global
	GlobalSection(SolutionConfigurationPlatforms) = preSolution
		Debug|Any CPU = Debug|Any CPU
		Release|Any CPU = Release|Any CPU
	EndGlobalSection
	GlobalSection(ProjectConfigurationPlatforms) = postSolution
		{87947FDA-35B9-42E1-91B3-E011FA1FDE92}.Debug|Any CPU.ActiveCfg = Debug|Any CPU
		{87947FDA-35B9-42E1-91B3-E011FA1FDE92}.Debug|Any CPU.Build.0 = Debug|Any CPU
		{87947FDA-35B9-42E1-91B3-E011FA1FDE92}.Release|Any CPU.ActiveCfg = Release|Any CPU
		{87947FDA-35B9-42E1-91B3-E011FA1FDE92}.Release|Any CPU.Build.0 = Release|Any CPU
	EndGlobalSection
	GlobalSection(SolutionProperties) = preSolution
		HideSolutionNode = FALSE
	EndGlobalSection
	GlobalSection(ExtensibilityGlobals) = postSolution
		SolutionGuid = {B2077502-6F7F-4007-9D70-A5C405F891BB}
	EndGlobalSection
	GlobalSection(TeamFoundationVersionControl) = preSolution
		SccNumberOfProjects = 2
		SccEnterpriseProvider = {4CA58AB2-18FA-4F8D-95D4-32DDF27D184C}
		SccTeamFoundationServer = https://dev.azure.com/raserven
		SccLocalPath0 = .
		SccProjectUniqueName1 = Olimpia.Stadium.Api\\Olimpia.Stadium.Api.csproj
		SccProjectName1 = Olimpia.Stadium.Api
		SccLocalPath1 = Olimpia.Stadium.Api
	EndGlobalSection
EndGlobal
